
Microsoft Visual Studio Solution File, Format Version 12.00
# Visual Studio 2013
VisualStudioVersion = 12.0.21005.1
MinimumVisualStudioVersion = 10.0.40219.1
Project("{FAE04EC0-301F-11D3-BF4B-00C04F79EFBC}") = "ConsoleApp-git1", "ConsoleApp-git1\ConsoleApp-git1.csproj", "{97F8A85B-B8D0-4C6D-9F07-5E25B1B1ABDB}"
EndProject
Global
	GlobalSection(SolutionConfigurationPlatforms) = preSolution
		Debug|Any CPU = Debug|Any CPU
		Release|Any CPU = Release|Any CPU
	EndGlobalSection
	GlobalSection(ProjectConfigurationPlatforms) = postSolution
		{97F8A85B-B8D0-4C6D-9F07-5E25B1B1ABDB}.Debug|Any CPU.ActiveCfg = Debug|Any CPU
		{97F8A85B-B8D0-4C6D-9F07-5E25B1B1ABDB}.Debug|Any CPU.Build.0 = Debug|Any CPU
		{97F8A85B-B8D0-4C6D-9F07-5E25B1B1ABDB}.Release|Any CPU.ActiveCfg = Release|Any CPU
		{97F8A85B-B8D0-4C6D-9F07-5E25B1B1ABDB}.Release|Any CPU.Build.0 = Release|Any CPU
	EndGlobalSection
	GlobalSection(SolutionProperties) = preSolution
		HideSolutionNode = FALSE
	EndGlobalSection
EndGlobal
